
Microsoft Visual Studio Solution File, Format Version 12.00
# Visual Studio 15
VisualStudioVersion = 15.0.26730.15
MinimumVisualStudioVersion = 10.0.40219.1
Project("{FAE04EC0-301F-11D3-BF4B-00C04F79EFBC}") = "DockerSamples.WebApplicationFirewall.App", "DockerSamples.WebApplicationFirewall.App\DockerSamples.WebApplicationFirewall.App.csproj", "{AF3C4C23-C70C-4A18-BBD0-11D5E88709C1}"
EndProject
Global
	GlobalSection(SolutionConfigurationPlatforms) = preSolution
		Debug|Any CPU = Debug|Any CPU
		Release|Any CPU = Release|Any CPU
	EndGlobalSection
	GlobalSection(ProjectConfigurationPlatforms) = postSolution
		{AF3C4C23-C70C-4A18-BBD0-11D5E88709C1}.Debug|Any CPU.ActiveCfg = Debug|Any CPU
		{AF3C4C23-C70C-4A18-BBD0-11D5E88709C1}.Debug|Any CPU.Build.0 = Debug|Any CPU
		{AF3C4C23-C70C-4A18-BBD0-11D5E88709C1}.Release|Any CPU.ActiveCfg = Release|Any CPU
		{AF3C4C23-C70C-4A18-BBD0-11D5E88709C1}.Release|Any CPU.Build.0 = Release|Any CPU
	EndGlobalSection
	GlobalSection(SolutionProperties) = preSolution
		HideSolutionNode = FALSE
	EndGlobalSection
	GlobalSection(ExtensibilityGlobals) = postSolution
		SolutionGuid = {AA809C74-854D-4052-A9AE-5F0BFF7A0A6D}
	EndGlobalSection
EndGlobal
